
Microsoft Visual Studio Solution File, Format Version 12.00
# Visual Studio Version 16
VisualStudioVersion = 16.0.29209.62
MinimumVisualStudioVersion = 10.0.40219.1
Project("{9A19103F-16F7-4668-BE54-9A1E7A4F7556}") = "EmployeeListEFDbFist", "EmployeeList-EF-DbFist\EmployeeListEFDbFist.csproj", "{EAA1629C-C144-4360-A8A3-B9233DC1FC03}"
EndProject
Global
	GlobalSection(SolutionConfigurationPlatforms) = preSolution
		Debug|Any CPU = Debug|Any CPU
		Release|Any CPU = Release|Any CPU
	EndGlobalSection
	GlobalSection(ProjectConfigurationPlatforms) = postSolution
		{EAA1629C-C144-4360-A8A3-B9233DC1FC03}.Debug|Any CPU.ActiveCfg = Debug|Any CPU
		{EAA1629C-C144-4360-A8A3-B9233DC1FC03}.Debug|Any CPU.Build.0 = Debug|Any CPU
		{EAA1629C-C144-4360-A8A3-B9233DC1FC03}.Release|Any CPU.ActiveCfg = Release|Any CPU
		{EAA1629C-C144-4360-A8A3-B9233DC1FC03}.Release|Any CPU.Build.0 = Release|Any CPU
	EndGlobalSection
	GlobalSection(SolutionProperties) = preSolution
		HideSolutionNode = FALSE
	EndGlobalSection
	GlobalSection(ExtensibilityGlobals) = postSolution
		SolutionGuid = {DFF4A1BB-C799-4015-95FC-E3BB9C3BA4F9}
	EndGlobalSection
EndGlobal
