
Microsoft Visual Studio Solution File, Format Version 12.00
# Visual Studio Version 16
VisualStudioVersion = 16.0.29306.81
MinimumVisualStudioVersion = 10.0.40219.1
Project("{FAE04EC0-301F-11D3-BF4B-00C04F79EFBC}") = "GroupMeeting", "GroupMeeting\GroupMeeting.csproj", "{EDB94880-90FE-4A8C-B350-B401A2802C3D}"
EndProject
Global
	GlobalSection(SolutionConfigurationPlatforms) = preSolution
		Debug|Any CPU = Debug|Any CPU
		Release|Any CPU = Release|Any CPU
	EndGlobalSection
	GlobalSection(ProjectConfigurationPlatforms) = postSolution
		{EDB94880-90FE-4A8C-B350-B401A2802C3D}.Debug|Any CPU.ActiveCfg = Debug|Any CPU
		{EDB94880-90FE-4A8C-B350-B401A2802C3D}.Debug|Any CPU.Build.0 = Debug|Any CPU
		{EDB94880-90FE-4A8C-B350-B401A2802C3D}.Release|Any CPU.ActiveCfg = Release|Any CPU
		{EDB94880-90FE-4A8C-B350-B401A2802C3D}.Release|Any CPU.Build.0 = Release|Any CPU
	EndGlobalSection
	GlobalSection(SolutionProperties) = preSolution
		HideSolutionNode = FALSE
	EndGlobalSection
	GlobalSection(ExtensibilityGlobals) = postSolution
		SolutionGuid = {AA7D43A5-2E27-4D47-B988-EBD46F6F1A48}
	EndGlobalSection
EndGlobal
