
Microsoft Visual Studio Solution File, Format Version 12.00
# Visual Studio Version 16
VisualStudioVersion = 16.0.29209.62
MinimumVisualStudioVersion = 10.0.40219.1
Project("{FAE04EC0-301F-11D3-BF4B-00C04F79EFBC}") = "Collection", "Collection\Collection.csproj", "{189F9BDD-4664-4E27-AE96-944194CD6B0F}"
EndProject
Global
	GlobalSection(SolutionConfigurationPlatforms) = preSolution
		Debug|Any CPU = Debug|Any CPU
		Release|Any CPU = Release|Any CPU
	EndGlobalSection
	GlobalSection(ProjectConfigurationPlatforms) = postSolution
		{189F9BDD-4664-4E27-AE96-944194CD6B0F}.Debug|Any CPU.ActiveCfg = Debug|Any CPU
		{189F9BDD-4664-4E27-AE96-944194CD6B0F}.Debug|Any CPU.Build.0 = Debug|Any CPU
		{189F9BDD-4664-4E27-AE96-944194CD6B0F}.Release|Any CPU.ActiveCfg = Release|Any CPU
		{189F9BDD-4664-4E27-AE96-944194CD6B0F}.Release|Any CPU.Build.0 = Release|Any CPU
	EndGlobalSection
	GlobalSection(SolutionProperties) = preSolution
		HideSolutionNode = FALSE
	EndGlobalSection
	GlobalSection(ExtensibilityGlobals) = postSolution
		SolutionGuid = {F8912E5F-C3F9-4023-9475-2EEB72BC26B7}
	EndGlobalSection
EndGlobal
