
Microsoft Visual Studio Solution File, Format Version 12.00
# Visual Studio Version 16
VisualStudioVersion = 16.0.29306.81
MinimumVisualStudioVersion = 10.0.40219.1
Project("{FAE04EC0-301F-11D3-BF4B-00C04F79EFBC}") = "APIData", "APIData\APIData.csproj", "{A7BB73D5-C1D7-49EE-94A4-37A860F436EE}"
EndProject
Global
	GlobalSection(SolutionConfigurationPlatforms) = preSolution
		Debug|Any CPU = Debug|Any CPU
		Release|Any CPU = Release|Any CPU
	EndGlobalSection
	GlobalSection(ProjectConfigurationPlatforms) = postSolution
		{A7BB73D5-C1D7-49EE-94A4-37A860F436EE}.Debug|Any CPU.ActiveCfg = Debug|Any CPU
		{A7BB73D5-C1D7-49EE-94A4-37A860F436EE}.Debug|Any CPU.Build.0 = Debug|Any CPU
		{A7BB73D5-C1D7-49EE-94A4-37A860F436EE}.Release|Any CPU.ActiveCfg = Release|Any CPU
		{A7BB73D5-C1D7-49EE-94A4-37A860F436EE}.Release|Any CPU.Build.0 = Release|Any CPU
	EndGlobalSection
	GlobalSection(SolutionProperties) = preSolution
		HideSolutionNode = FALSE
	EndGlobalSection
	GlobalSection(ExtensibilityGlobals) = postSolution
		SolutionGuid = {8D3E71DA-D64D-45AF-8E37-DF101F1BB00E}
	EndGlobalSection
EndGlobal
