
Microsoft Visual Studio Solution File, Format Version 12.00
# Visual Studio Version 16
VisualStudioVersion = 16.0.29209.62
MinimumVisualStudioVersion = 10.0.40219.1
Project("{FAE04EC0-301F-11D3-BF4B-00C04F79EFBC}") = "KT_L2", "KT_L2\KT_L2.csproj", "{50FB259E-646B-4EBF-B854-2F6F36179853}"
EndProject
Global
	GlobalSection(SolutionConfigurationPlatforms) = preSolution
		Debug|Any CPU = Debug|Any CPU
		Release|Any CPU = Release|Any CPU
	EndGlobalSection
	GlobalSection(ProjectConfigurationPlatforms) = postSolution
		{50FB259E-646B-4EBF-B854-2F6F36179853}.Debug|Any CPU.ActiveCfg = Debug|Any CPU
		{50FB259E-646B-4EBF-B854-2F6F36179853}.Debug|Any CPU.Build.0 = Debug|Any CPU
		{50FB259E-646B-4EBF-B854-2F6F36179853}.Release|Any CPU.ActiveCfg = Release|Any CPU
		{50FB259E-646B-4EBF-B854-2F6F36179853}.Release|Any CPU.Build.0 = Release|Any CPU
	EndGlobalSection
	GlobalSection(SolutionProperties) = preSolution
		HideSolutionNode = FALSE
	EndGlobalSection
	GlobalSection(ExtensibilityGlobals) = postSolution
		SolutionGuid = {D4600518-4BEA-437C-9AA3-D591F745E701}
	EndGlobalSection
EndGlobal
