
Microsoft Visual Studio Solution File, Format Version 12.00
# Visual Studio Version 16
VisualStudioVersion = 16.0.29209.62
MinimumVisualStudioVersion = 10.0.40219.1
Project("{FAE04EC0-301F-11D3-BF4B-00C04F79EFBC}") = "Kiem_Tra", "Kiem_Tra\Kiem_Tra.csproj", "{A5908926-563B-49B3-AD61-61F75FB8E059}"
EndProject
Global
	GlobalSection(SolutionConfigurationPlatforms) = preSolution
		Debug|Any CPU = Debug|Any CPU
		Release|Any CPU = Release|Any CPU
	EndGlobalSection
	GlobalSection(ProjectConfigurationPlatforms) = postSolution
		{A5908926-563B-49B3-AD61-61F75FB8E059}.Debug|Any CPU.ActiveCfg = Debug|Any CPU
		{A5908926-563B-49B3-AD61-61F75FB8E059}.Debug|Any CPU.Build.0 = Debug|Any CPU
		{A5908926-563B-49B3-AD61-61F75FB8E059}.Release|Any CPU.ActiveCfg = Release|Any CPU
		{A5908926-563B-49B3-AD61-61F75FB8E059}.Release|Any CPU.Build.0 = Release|Any CPU
	EndGlobalSection
	GlobalSection(SolutionProperties) = preSolution
		HideSolutionNode = FALSE
	EndGlobalSection
	GlobalSection(ExtensibilityGlobals) = postSolution
		SolutionGuid = {810B5005-161C-4CA4-AEAA-C5F528E6D9F0}
	EndGlobalSection
EndGlobal
